// !$*UTF8*$!
{
	archiveVersion = 1;
	classes = {
	};
	objectVersion = 77;
	objects = {

/* Begin PBXBuildFile section */
		BD31CBEE2F90A21900FE66AD /* WidgetKit.framework in Frameworks */ = {isa = PBXBuildFile; fileRef = BD31CBED2F90A21900FE66AD /* WidgetKit.framework */; };
		BD31CBF02F90A21900FE66AD /* SwiftUI.framework in Frameworks */ = {isa = PBXBuildFile; fileRef = BD31CBEF2F90A21900FE66AD /* SwiftUI.framework */; };
		BD31CC012F90A21A00FE66AD /* GitaWidgetExtension.appex in Embed Foundation Extensions */ = {isa = PBXBuildFile; fileRef = BD31CBEB2F90A21900FE66AD /* GitaWidgetExtension.appex */; settings = {ATTRIBUTES = (RemoveHeadersOnCopy, ); }; };
		BDA850D22FA4ED16002AED12 /* SwiftMistralCoreML in Frameworks */ = {isa = PBXBuildFile; productRef = BDA850D12FA4ED16002AED12 /* SwiftMistralCoreML */; };
/* End PBXBuildFile section */

/* Begin PBXContainerItemProxy section */
		BD31CBFF2F90A21A00FE66AD /* PBXContainerItemProxy */ = {
			isa = PBXContainerItemProxy;
			containerPortal = BD65EA392F2467F700CE9AE5 /* Project object */;
			proxyType = 1;
			remoteGlobalIDString = BD31CBEA2F90A21900FE66AD;
			remoteInfo = GitaWidgetExtension;
		};
/* End PBXContainerItemProxy section */

/* Begin PBXCopyFilesBuildPhase section */
		BD31CC022F90A21A00FE66AD /* Embed Foundation Extensions */ = {
			isa = PBXCopyFilesBuildPhase;
			buildActionMask = 2147483647;
			dstPath = "";
			dstSubfolderSpec = 13;
			files = (
				BD31CC012F90A21A00FE66AD /* GitaWidgetExtension.appex in Embed Foundation Extensions */,
			);
			name = "Embed Foundation Extensions";
			runOnlyForDeploymentPostprocessing = 0;
		};
/* End PBXCopyFilesBuildPhase section */

/* Begin PBXFileReference section */
		BD3187A12F90E907001C4B0A /* GitaWidgetExtension.entitlements */ = {isa = PBXFileReference; lastKnownFileType = text.plist.entitlements; path = GitaWidgetExtension.entitlements; sourceTree = "<group>"; };
		BD31CBEB2F90A21900FE66AD /* GitaWidgetExtension.appex */ = {isa = PBXFileReference; explicitFileType = "wrapper.app-extension"; includeInIndex = 0; path = GitaWidgetExtension.appex; sourceTree = BUILT_PRODUCTS_DIR; };
		BD31CBED2F90A21900FE66AD /* WidgetKit.framework */ = {isa = PBXFileReference; lastKnownFileType = wrapper.framework; name = WidgetKit.framework; path = System/Library/Frameworks/WidgetKit.framework; sourceTree = SDKROOT; };
		BD31CBEF2F90A21900FE66AD /* SwiftUI.framework */ = {isa = PBXFileReference; lastKnownFileType = wrapper.framework; name = SwiftUI.framework; path = System/Library/Frameworks/SwiftUI.framework; sourceTree = SDKROOT; };
		BD65EA412F2467F700CE9AE5 /* GitaSandesh.app */ = {isa = PBXFileReference; explicitFileType = wrapper.application; includeInIndex = 0; path = GitaSandesh.app; sourceTree = BUILT_PRODUCTS_DIR; };
/* End PBXFileReference section */

/* Begin PBXFileSystemSynchronizedBuildFileExceptionSet section */
		BD31CC052F90A21A00FE66AD /* Exceptions for "GitaWidget" folder in "GitaWidgetExtension" target */ = {
			isa = PBXFileSystemSynchronizedBuildFileExceptionSet;
			membershipExceptions = (
				Info.plist,
			);
			target = BD31CBEA2F90A21900FE66AD /* GitaWidgetExtension */;
		};
		BD7EE47C2F9C7CB700D52796 /* Exceptions for "GitaSandesh" folder in "GitaSandesh" target */ = {
			isa = PBXFileSystemSynchronizedBuildFileExceptionSet;
			membershipExceptions = (
				Info.plist,
			);
			target = BD65EA402F2467F700CE9AE5 /* GitaSandesh */;
		};
/* End PBXFileSystemSynchronizedBuildFileExceptionSet section */

/* Begin PBXFileSystemSynchronizedRootGroup section */
		BD31CBF12F90A21900FE66AD /* GitaWidget */ = {
			isa = PBXFileSystemSynchronizedRootGroup;
			exceptions = (
				BD31CC052F90A21A00FE66AD /* Exceptions for "GitaWidget" folder in "GitaWidgetExtension" target */,
			);
			path = GitaWidget;
			sourceTree = "<group>";
		};
		BD65EA432F2467F700CE9AE5 /* GitaSandesh */ = {
			isa = PBXFileSystemSynchronizedRootGroup;
			exceptions = (
				BD7EE47C2F9C7CB700D52796 /* Exceptions for "GitaSandesh" folder in "GitaSandesh" target */,
			);
			path = GitaSandesh;
			sourceTree = "<group>";
		};
/* End PBXFileSystemSynchronizedRootGroup section */

/* Begin PBXFrameworksBuildPhase section */
		BD31CBE82F90A21900FE66AD /* Frameworks */ = {
			isa = PBXFrameworksBuildPhase;
			buildActionMask = 2147483647;
			files = (
				BD31CBF02F90A21900FE66AD /* SwiftUI.framework in Frameworks */,
				BD31CBEE2F90A21900FE66AD /* WidgetKit.framework in Frameworks */,
			);
			runOnlyForDeploymentPostprocessing = 0;
		};
		BD65EA3E2F2467F700CE9AE5 /* Frameworks */ = {
			isa = PBXFrameworksBuildPhase;
			buildActionMask = 2147483647;
			files = (
				BDA850D22FA4ED16002AED12 /* SwiftMistralCoreML in Frameworks */,
			);
			runOnlyForDeploymentPostprocessing = 0;
		};
/* End PBXFrameworksBuildPhase section */

/* Begin PBXGroup section */
		BD31CBEC2F90A21900FE66AD /* Frameworks */ = {
			isa = PBXGroup;
			children = (
				BD31CBED2F90A21900FE66AD /* WidgetKit.framework */,
				BD31CBEF2F90A21900FE66AD /* SwiftUI.framework */,
			);
			name = Frameworks;
			sourceTree = "<group>";
		};
		BD65EA382F2467F700CE9AE5 = {
			isa = PBXGroup;
			children = (
				BD3187A12F90E907001C4B0A /* GitaWidgetExtension.entitlements */,
				BD65EA432F2467F700CE9AE5 /* GitaSandesh */,
				BD31CBF12F90A21900FE66AD /* GitaWidget */,
				BD31CBEC2F90A21900FE66AD /* Frameworks */,
				BD65EA422F2467F700CE9AE5 /* Products */,
			);
			sourceTree = "<group>";
		};
		BD65EA422F2467F700CE9AE5 /* Products */ = {
			isa = PBXGroup;
			children = (
				BD65EA412F2467F700CE9AE5 /* GitaSandesh.app */,
				BD31CBEB2F90A21900FE66AD /* GitaWidgetExtension.appex */,
			);
			name = Products;
			sourceTree = "<group>";
		};
/* End PBXGroup section */

/* Begin PBXNativeTarget section */
		BD31CBEA2F90A21900FE66AD /* GitaWidgetExtension */ = {
			isa = PBXNativeTarget;
			buildConfigurationList = BD31CC062F90A21A00FE66AD /* Build configuration list for PBXNativeTarget "GitaWidgetExtension" */;
			buildPhases = (
				BD31CBE72F90A21900FE66AD /* Sources */,
				BD31CBE82F90A21900FE66AD /* Frameworks */,
				BD31CBE92F90A21900FE66AD /* Resources */,
			);
			buildRules = (
			);
			dependencies = (
			);
			fileSystemSynchronizedGroups = (
				BD31CBF12F90A21900FE66AD /* GitaWidget */,
			);
			name = GitaWidgetExtension;
			packageProductDependencies = (
			);
			productName = GitaWidgetExtension;
			productReference = BD31CBEB2F90A21900FE66AD /* GitaWidgetExtension.appex */;
			productType = "com.apple.product-type.app-extension";
		};
		BD65EA402F2467F700CE9AE5 /* GitaSandesh */ = {
			isa = PBXNativeTarget;
			buildConfigurationList = BD65EA4C2F2467F800CE9AE5 /* Build configuration list for PBXNativeTarget "GitaSandesh" */;
			buildPhases = (
				BD65EA3D2F2467F700CE9AE5 /* Sources */,
				BD65EA3E2F2467F700CE9AE5 /* Frameworks */,
				BD65EA3F2F2467F700CE9AE5 /* Resources */,
				BD31CC022F90A21A00FE66AD /* Embed Foundation Extensions */,
			);
			buildRules = (
			);
			dependencies = (
				BD31CC002F90A21A00FE66AD /* PBXTargetDependency */,
			);
			fileSystemSynchronizedGroups = (
				BD65EA432F2467F700CE9AE5 /* GitaSandesh */,
			);
			name = GitaSandesh;
			packageProductDependencies = (
				BDA850D12FA4ED16002AED12 /* SwiftMistralCoreML */,
			);
			productName = GeetaSandBox;
			productReference = BD65EA412F2467F700CE9AE5 /* GitaSandesh.app */;
			productType = "com.apple.product-type.application";
		};
/* End PBXNativeTarget section */

/* Begin PBXProject section */
		BD65EA392F2467F700CE9AE5 /* Project object */ = {
			isa = PBXProject;
			attributes = {
				BuildIndependentTargetsInParallel = 1;
				LastSwiftUpdateCheck = 2640;
				LastUpgradeCheck = 2640;
				TargetAttributes = {
					BD31CBEA2F90A21900FE66AD = {
						CreatedOnToolsVersion = 26.4;
					};
					BD65EA402F2467F700CE9AE5 = {
						CreatedOnToolsVersion = 26.2;
					};
				};
			};
			buildConfigurationList = BD65EA3C2F2467F700CE9AE5 /* Build configuration list for PBXProject "GitaSandesh" */;
			developmentRegion = en;
			hasScannedForEncodings = 0;
			knownRegions = (
				en,
				Base,
			);
			mainGroup = BD65EA382F2467F700CE9AE5;
			minimizedProjectReferenceProxies = 1;
			packageReferences = (
				BD98D7B42FA47884005673CD /* XCRemoteSwiftPackageReference "SwiftMistralCoreML" */,
			);
			preferredProjectObjectVersion = 77;
			productRefGroup = BD65EA422F2467F700CE9AE5 /* Products */;
			projectDirPath = "";
			projectRoot = "";
			targets = (
				BD65EA402F2467F700CE9AE5 /* GitaSandesh */,
				BD31CBEA2F90A21900FE66AD /* GitaWidgetExtension */,
			);
		};
/* End PBXProject section */

/* Begin PBXResourcesBuildPhase section */
		BD31CBE92F90A21900FE66AD /* Resources */ = {
			isa = PBXResourcesBuildPhase;
			buildActionMask = 2147483647;
			files = (
			);
			runOnlyForDeploymentPostprocessing = 0;
		};
		BD65EA3F2F2467F700CE9AE5 /* Resources */ = {
			isa = PBXResourcesBuildPhase;
			buildActionMask = 2147483647;
			files = (
			);
			runOnlyForDeploymentPostprocessing = 0;
		};
/* End PBXResourcesBuildPhase section */

/* Begin PBXSourcesBuildPhase section */
		BD31CBE72F90A21900FE66AD /* Sources */ = {
			isa = PBXSourcesBuildPhase;
			buildActionMask = 2147483647;
			files = (
			);
			runOnlyForDeploymentPostprocessing = 0;
		};
		BD65EA3D2F2467F700CE9AE5 /* Sources */ = {
			isa = PBXSourcesBuildPhase;
			buildActionMask = 2147483647;
			files = (
			);
			runOnlyForDeploymentPostprocessing = 0;
		};
/* End PBXSourcesBuildPhase section */

/* Begin PBXTargetDependency section */
		BD31CC002F90A21A00FE66AD /* PBXTargetDependency */ = {
			isa = PBXTargetDependency;
			target = BD31CBEA2F90A21900FE66AD /* GitaWidgetExtension */;
			targetProxy = BD31CBFF2F90A21A00FE66AD /* PBXContainerItemProxy */;
		};
/* End PBXTargetDependency section */

/* Begin XCBuildConfiguration section */
		BD31CC032F90A21A00FE66AD /* Debug */ = {
			isa = XCBuildConfiguration;
			buildSettings = {
				ASSETCATALOG_COMPILER_GLOBAL_ACCENT_COLOR_NAME = AccentColor;
				ASSETCATALOG_COMPILER_WIDGET_BACKGROUND_COLOR_NAME = WidgetBackground;
				CODE_SIGN_ENTITLEMENTS = GitaWidgetExtension.entitlements;
				CODE_SIGN_STYLE = Automatic;
				CURRENT_PROJECT_VERSION = 1;
				DEVELOPMENT_TEAM = XBD7KM6DN9;
				GENERATE_INFOPLIST_FILE = YES;
				INFOPLIST_FILE = GitaWidget/Info.plist;
				INFOPLIST_KEY_CFBundleDisplayName = GitaWidget;
				INFOPLIST_KEY_NSHumanReadableCopyright = "";
				IPHONEOS_DEPLOYMENT_TARGET = 26.4;
				LD_RUNPATH_SEARCH_PATHS = (
					"$(inherited)",
					"@executable_path/Frameworks",
					"@executable_path/../../Frameworks",
				);
				MARKETING_VERSION = 1.0;
				PRODUCT_BUNDLE_IDENTIFIER = com.manish.GitaSandesh.Widget;
				PRODUCT_NAME = "$(TARGET_NAME)";
				SKIP_INSTALL = YES;
				STRING_CATALOG_GENERATE_SYMBOLS = YES;
				SWIFT_APPROACHABLE_CONCURRENCY = YES;
				SWIFT_EMIT_LOC_STRINGS = YES;
				SWIFT_UPCOMING_FEATURE_MEMBER_IMPORT_VISIBILITY = YES;
				SWIFT_VERSION = 5.0;
				TARGETED_DEVICE_FAMILY = "1,2";
			};
			name = Debug;
		};
		BD31CC042F90A21A00FE66AD /* Release */ = {
			isa = XCBuildConfiguration;
			buildSettings = {
				ASSETCATALOG_COMPILER_GLOBAL_ACCENT_COLOR_NAME = AccentColor;
				ASSETCATALOG_COMPILER_WIDGET_BACKGROUND_COLOR_NAME = WidgetBackground;
				CODE_SIGN_ENTITLEMENTS = GitaWidgetExtension.entitlements;
				CODE_SIGN_STYLE = Automatic;
				CURRENT_PROJECT_VERSION = 1;
				DEVELOPMENT_TEAM = XBD7KM6DN9;
				GENERATE_INFOPLIST_FILE = YES;
				INFOPLIST_FILE = GitaWidget/Info.plist;
				INFOPLIST_KEY_CFBundleDisplayName = GitaWidget;
				INFOPLIST_KEY_NSHumanReadableCopyright = "";
				IPHONEOS_DEPLOYMENT_TARGET = 26.4;
				LD_RUNPATH_SEARCH_PATHS = (
					"$(inherited)",
					"@executable_path/Frameworks",
					"@executable_path/../../Frameworks",
				);
				MARKETING_VERSION = 1.0;
				PRODUCT_BUNDLE_IDENTIFIER = com.manish.GitaSandesh.Widget;
				PRODUCT_NAME = "$(TARGET_NAME)";
				SKIP_INSTALL = YES;
				STRING_CATALOG_GENERATE_SYMBOLS = YES;
				SWIFT_APPROACHABLE_CONCURRENCY = YES;
				SWIFT_EMIT_LOC_STRINGS = YES;
				SWIFT_UPCOMING_FEATURE_MEMBER_IMPORT_VISIBILITY = YES;
				SWIFT_VERSION = 5.0;
				TARGETED_DEVICE_FAMILY = "1,2";
			};
			name = Release;
		};
		BD65EA4A2F2467F800CE9AE5 /* Debug */ = {
			isa = XCBuildConfiguration;
			buildSettings = {
				ALWAYS_SEARCH_USER_PATHS = NO;
				ASSETCATALOG_COMPILER_GENERATE_SWIFT_ASSET_SYMBOL_EXTENSIONS = YES;
				CLANG_ANALYZER_NONNULL = YES;
				CLANG_ANALYZER_NUMBER_OBJECT_CONVERSION = YES_AGGRESSIVE;
				CLANG_CXX_LANGUAGE_STANDARD = "gnu++20";
				CLANG_ENABLE_MODULES = YES;
				CLANG_ENABLE_OBJC_ARC = YES;
				CLANG_ENABLE_OBJC_WEAK = YES;
				CLANG_WARN_BLOCK_CAPTURE_AUTORELEASING = YES;
				CLANG_WARN_BOOL_CONVERSION = YES;
				CLANG_WARN_COMMA = YES;
				CLANG_WARN_CONSTANT_CONVERSION = YES;
				CLANG_WARN_DEPRECATED_OBJC_IMPLEMENTATIONS = YES;
				CLANG_WARN_DIRECT_OBJC_ISA_USAGE = YES_ERROR;
				CLANG_WARN_DOCUMENTATION_COMMENTS = YES;
				CLANG_WARN_EMPTY_BODY = YES;
				CLANG_WARN_ENUM_CONVERSION = YES;
				CLANG_WARN_INFINITE_RECURSION = YES;
				CLANG_WARN_INT_CONVERSION = YES;
				CLANG_WARN_NON_LITERAL_NULL_CONVERSION = YES;
				CLANG_WARN_OBJC_IMPLICIT_RETAIN_SELF = YES;
				CLANG_WARN_OBJC_LITERAL_CONVERSION = YES;
				CLANG_WARN_OBJC_ROOT_CLASS = YES_ERROR;
				CLANG_WARN_QUOTED_INCLUDE_IN_FRAMEWORK_HEADER = YES;
				CLANG_WARN_RANGE_LOOP_ANALYSIS = YES;
				CLANG_WARN_STRICT_PROTOTYPES = YES;
				CLANG_WARN_SUSPICIOUS_MOVE = YES;
				CLANG_WARN_UNGUARDED_AVAILABILITY = YES_AGGRESSIVE;
				CLANG_WARN_UNREACHABLE_CODE = YES;
				CLANG_WARN__DUPLICATE_METHOD_MATCH = YES;
				COPY_PHASE_STRIP = NO;
				DEBUG_INFORMATION_FORMAT = dwarf;
				DEVELOPMENT_TEAM = XBD7KM6DN9;
				ENABLE_STRICT_OBJC_MSGSEND = YES;
				ENABLE_TESTABILITY = YES;
				ENABLE_USER_SCRIPT_SANDBOXING = YES;
				GCC_C_LANGUAGE_STANDARD = gnu17;
				GCC_DYNAMIC_NO_PIC = NO;
				GCC_NO_COMMON_BLOCKS = YES;
				GCC_OPTIMIZATION_LEVEL = 0;
				GCC_PREPROCESSOR_DEFINITIONS = (
					"DEBUG=1",
					"$(inherited)",
				);
				GCC_WARN_64_TO_32_BIT_CONVERSION = YES;
				GCC_WARN_ABOUT_RETURN_TYPE = YES_ERROR;
				GCC_WARN_UNDECLARED_SELECTOR = YES;
				GCC_WARN_UNINITIALIZED_AUTOS = YES_AGGRESSIVE;
				GCC_WARN_UNUSED_FUNCTION = YES;
				GCC_WARN_UNUSED_VARIABLE = YES;
				IPHONEOS_DEPLOYMENT_TARGET = 26.2;
				LOCALIZATION_PREFERS_STRING_CATALOGS = YES;
				MTL_ENABLE_DEBUG_INFO = INCLUDE_SOURCE;
				MTL_FAST_MATH = YES;
				ONLY_ACTIVE_ARCH = YES;
				SDKROOT = iphoneos;
				STRING_CATALOG_GENERATE_SYMBOLS = YES;
				SWIFT_ACTIVE_COMPILATION_CONDITIONS = "DEBUG $(inherited)";
				SWIFT_OPTIMIZATION_LEVEL = "-Onone";
			};
			name = Debug;
		};
		BD65EA4B2F2467F800CE9AE5 /* Release */ = {
			isa = XCBuildConfiguration;
			buildSettings = {
				ALWAYS_SEARCH_USER_PATHS = NO;
				ASSETCATALOG_COMPILER_GENERATE_SWIFT_ASSET_SYMBOL_EXTENSIONS = YES;
				CLANG_ANALYZER_NONNULL = YES;
				CLANG_ANALYZER_NUMBER_OBJECT_CONVERSION = YES_AGGRESSIVE;
				CLANG_CXX_LANGUAGE_STANDARD = "gnu++20";
				CLANG_ENABLE_MODULES = YES;
				CLANG_ENABLE_OBJC_ARC = YES;
				CLANG_ENABLE_OBJC_WEAK = YES;
				CLANG_WARN_BLOCK_CAPTURE_AUTORELEASING = YES;
				CLANG_WARN_BOOL_CONVERSION = YES;
				CLANG_WARN_COMMA = YES;
				CLANG_WARN_CONSTANT_CONVERSION = YES;
				CLANG_WARN_DEPRECATED_OBJC_IMPLEMENTATIONS = YES;
				CLANG_WARN_DIRECT_OBJC_ISA_USAGE = YES_ERROR;
				CLANG_WARN_DOCUMENTATION_COMMENTS = YES;
				CLANG_WARN_EMPTY_BODY = YES;
				CLANG_WARN_ENUM_CONVERSION = YES;
				CLANG_WARN_INFINITE_RECURSION = YES;
				CLANG_WARN_INT_CONVERSION = YES;
				CLANG_WARN_NON_LITERAL_NULL_CONVERSION = YES;
				CLANG_WARN_OBJC_IMPLICIT_RETAIN_SELF = YES;
				CLANG_WARN_OBJC_LITERAL_CONVERSION = YES;
				CLANG_WARN_OBJC_ROOT_CLASS = YES_ERROR;
				CLANG_WARN_QUOTED_INCLUDE_IN_FRAMEWORK_HEADER = YES;
				CLANG_WARN_RANGE_LOOP_ANALYSIS = YES;
				CLANG_WARN_STRICT_PROTOTYPES = YES;
				CLANG_WARN_SUSPICIOUS_MOVE = YES;
				CLANG_WARN_UNGUARDED_AVAILABILITY = YES_AGGRESSIVE;
				CLANG_WARN_UNREACHABLE_CODE = YES;
				CLANG_WARN__DUPLICATE_METHOD_MATCH = YES;
				COPY_PHASE_STRIP = NO;
				DEBUG_INFORMATION_FORMAT = "dwarf-with-dsym";
				DEVELOPMENT_TEAM = XBD7KM6DN9;
				ENABLE_NS_ASSERTIONS = NO;
				ENABLE_STRICT_OBJC_MSGSEND = YES;
				ENABLE_USER_SCRIPT_SANDBOXING = YES;
				GCC_C_LANGUAGE_STANDARD = gnu17;
				GCC_NO_COMMON_BLOCKS = YES;
				GCC_WARN_64_TO_32_BIT_CONVERSION = YES;
				GCC_WARN_ABOUT_RETURN_TYPE = YES_ERROR;
				GCC_WARN_UNDECLARED_SELECTOR = YES;
				GCC_WARN_UNINITIALIZED_AUTOS = YES_AGGRESSIVE;
				GCC_WARN_UNUSED_FUNCTION = YES;
				GCC_WARN_UNUSED_VARIABLE = YES;
				IPHONEOS_DEPLOYMENT_TARGET = 26.2;
				LOCALIZATION_PREFERS_STRING_CATALOGS = YES;
				MTL_ENABLE_DEBUG_INFO = NO;
				MTL_FAST_MATH = YES;
				SDKROOT = iphoneos;
				STRING_CATALOG_GENERATE_SYMBOLS = YES;
				SWIFT_COMPILATION_MODE = wholemodule;
				VALIDATE_PRODUCT = YES;
			};
			name = Release;
		};
		BD65EA4D2F2467F800CE9AE5 /* Debug */ = {
			isa = XCBuildConfiguration;
			buildSettings = {
				ASSETCATALOG_COMPILER_APPICON_NAME = AppIcon;
				ASSETCATALOG_COMPILER_GLOBAL_ACCENT_COLOR_NAME = AccentColor;
				CODE_SIGN_ENTITLEMENTS = GitaSandesh/GitaSandesh.entitlements;
				CODE_SIGN_STYLE = Automatic;
				CURRENT_PROJECT_VERSION = 1;
				DEVELOPMENT_TEAM = XBD7KM6DN9;
				ENABLE_PREVIEWS = YES;
				GENERATE_INFOPLIST_FILE = YES;
				INFOPLIST_FILE = GitaSandesh/Info.plist;
				INFOPLIST_KEY_CFBundleDisplayName = GitaSandesh;
				INFOPLIST_KEY_LSApplicationCategoryType = "";
				INFOPLIST_KEY_UIApplicationSceneManifest_Generation = YES;
				INFOPLIST_KEY_UIApplicationSupportsIndirectInputEvents = YES;
				INFOPLIST_KEY_UILaunchScreen_Generation = YES;
				INFOPLIST_KEY_UISupportedInterfaceOrientations_iPad = "UIInterfaceOrientationPortrait UIInterfaceOrientationPortraitUpsideDown UIInterfaceOrientationLandscapeLeft UIInterfaceOrientationLandscapeRight";
				INFOPLIST_KEY_UISupportedInterfaceOrientations_iPhone = "UIInterfaceOrientationPortrait UIInterfaceOrientationLandscapeLeft UIInterfaceOrientationLandscapeRight";
				LD_RUNPATH_SEARCH_PATHS = (
					"$(inherited)",
					"@executable_path/Frameworks",
				);
				MARKETING_VERSION = 1.0;
				PRODUCT_BUNDLE_IDENTIFIER = com.manish.GitaSandesh;
				PRODUCT_NAME = "$(TARGET_NAME)";
				STRING_CATALOG_GENERATE_SYMBOLS = YES;
				SWIFT_APPROACHABLE_CONCURRENCY = YES;
				SWIFT_DEFAULT_ACTOR_ISOLATION = MainActor;
				SWIFT_EMIT_LOC_STRINGS = YES;
				SWIFT_UPCOMING_FEATURE_MEMBER_IMPORT_VISIBILITY = YES;
				SWIFT_VERSION = 5.0;
				TARGETED_DEVICE_FAMILY = "1,2";
			};
			name = Debug;
		};
		BD65EA4E2F2467F800CE9AE5 /* Release */ = {
			isa = XCBuildConfiguration;
			buildSettings = {
				ASSETCATALOG_COMPILER_APPICON_NAME = AppIcon;
				ASSETCATALOG_COMPILER_GLOBAL_ACCENT_COLOR_NAME = AccentColor;
				CODE_SIGN_ENTITLEMENTS = GitaSandesh/GitaSandesh.entitlements;
				CODE_SIGN_STYLE = Automatic;
				CURRENT_PROJECT_VERSION = 1;
				DEVELOPMENT_TEAM = XBD7KM6DN9;
				ENABLE_PREVIEWS = YES;
				GENERATE_INFOPLIST_FILE = YES;
				INFOPLIST_FILE = GitaSandesh/Info.plist;
				INFOPLIST_KEY_CFBundleDisplayName = GitaSandesh;
				INFOPLIST_KEY_LSApplicationCategoryType = "";
				INFOPLIST_KEY_UIApplicationSceneManifest_Generation = YES;
				INFOPLIST_KEY_UIApplicationSupportsIndirectInputEvents = YES;
				INFOPLIST_KEY_UILaunchScreen_Generation = YES;
				INFOPLIST_KEY_UISupportedInterfaceOrientations_iPad = "UIInterfaceOrientationPortrait UIInterfaceOrientationPortraitUpsideDown UIInterfaceOrientationLandscapeLeft UIInterfaceOrientationLandscapeRight";
				INFOPLIST_KEY_UISupportedInterfaceOrientations_iPhone = "UIInterfaceOrientationPortrait UIInterfaceOrientationLandscapeLeft UIInterfaceOrientationLandscapeRight";
				LD_RUNPATH_SEARCH_PATHS = (
					"$(inherited)",
					"@executable_path/Frameworks",
				);
				MARKETING_VERSION = 1.0;
				PRODUCT_BUNDLE_IDENTIFIER = com.manish.GitaSandesh;
				PRODUCT_NAME = "$(TARGET_NAME)";
				STRING_CATALOG_GENERATE_SYMBOLS = YES;
				SWIFT_APPROACHABLE_CONCURRENCY = YES;
				SWIFT_DEFAULT_ACTOR_ISOLATION = MainActor;
				SWIFT_EMIT_LOC_STRINGS = YES;
				SWIFT_UPCOMING_FEATURE_MEMBER_IMPORT_VISIBILITY = YES;
				SWIFT_VERSION = 5.0;
				TARGETED_DEVICE_FAMILY = "1,2";
			};
			name = Release;
		};
/* End XCBuildConfiguration section */

/* Begin XCConfigurationList section */
		BD31CC062F90A21A00FE66AD /* Build configuration list for PBXNativeTarget "GitaWidgetExtension" */ = {
			isa = XCConfigurationList;
			buildConfigurations = (
				BD31CC032F90A21A00FE66AD /* Debug */,
				BD31CC042F90A21A00FE66AD /* Release */,
			);
			defaultConfigurationIsVisible = 0;
			defaultConfigurationName = Release;
		};
		BD65EA3C2F2467F700CE9AE5 /* Build configuration list for PBXProject "GitaSandesh" */ = {
			isa = XCConfigurationList;
			buildConfigurations = (
				BD65EA4A2F2467F800CE9AE5 /* Debug */,
				BD65EA4B2F2467F800CE9AE5 /* Release */,
			);
			defaultConfigurationIsVisible = 0;
			defaultConfigurationName = Release;
		};
		BD65EA4C2F2467F800CE9AE5 /* Build configuration list for PBXNativeTarget "GitaSandesh" */ = {
			isa = XCConfigurationList;
			buildConfigurations = (
				BD65EA4D2F2467F800CE9AE5 /* Debug */,
				BD65EA4E2F2467F800CE9AE5 /* Release */,
			);
			defaultConfigurationIsVisible = 0;
			defaultConfigurationName = Release;
		};
/* End XCConfigurationList section */

/* Begin XCRemoteSwiftPackageReference section */
		BD98D7B42FA47884005673CD /* XCRemoteSwiftPackageReference "SwiftMistralCoreML" */ = {
			isa = XCRemoteSwiftPackageReference;
			repositoryURL = "https://github.com/cardona/SwiftMistralCoreML.git";
			requirement = {
				kind = upToNextMajorVersion;
				minimumVersion = 1.2.0;
			};
		};
/* End XCRemoteSwiftPackageReference section */

/* Begin XCSwiftPackageProductDependency section */
		BDA850D12FA4ED16002AED12 /* SwiftMistralCoreML */ = {
			isa = XCSwiftPackageProductDependency;
			package = BD98D7B42FA47884005673CD /* XCRemoteSwiftPackageReference "SwiftMistralCoreML" */;
			productName = SwiftMistralCoreML;
		};
/* End XCSwiftPackageProductDependency section */
	};
	rootObject = BD65EA392F2467F700CE9AE5 /* Project object */;
}
